
Microsoft Visual Studio Solution File, Format Version 12.00
# Visual Studio 14
VisualStudioVersion = 14.0.23107.0
MinimumVisualStudioVersion = 10.0.40219.1
Project("{FAE04EC0-301F-11D3-BF4B-00C04F79EFBC}") = "MMDARPGServer", "MMDARPGServer\MMDARPGServer.csproj", "{3266F4C4-F247-4A1A-8B47-D2FA9BB2671C}"
EndProject
Project("{FAE04EC0-301F-11D3-BF4B-00C04F79EFBC}") = "MMD", "MMD\MMD.csproj", "{BABBD8DC-FA3F-4EDA-97D7-1E845DB349BE}"
EndProject
Project("{FAE04EC0-301F-11D3-BF4B-00C04F79EFBC}") = "Util", "Util\Util.csproj", "{8AF345F1-6822-4DBB-9FA2-9E3A2D8D4F5E}"
EndProject
Project("{FAE04EC0-301F-11D3-BF4B-00C04F79EFBC}") = "Socket", "Socket\Socket.csproj", "{27C2855A-757F-4218-9182-56B61534F33E}"
EndProject
Project("{FAE04EC0-301F-11D3-BF4B-00C04F79EFBC}") = "MessageData", "MessageData\MessageData.csproj", "{64A51735-8A1F-4EB6-82CF-1F0CF83C7BA7}"
EndProject
Project("{8BC9CEB8-8B4A-11D0-8D11-00A0C91BC942}") = "BuildProtocol", "BuildProtocol\BuildProtocol.vcxproj", "{040B50DA-48E1-4326-A585-53B95E957E80}"
EndProject
Project("{FAE04EC0-301F-11D3-BF4B-00C04F79EFBC}") = "Logger", "Logger\Logger.csproj", "{867C4A69-5AE0-414F-91AF-0612CFC44A35}"
EndProject
Project("{FAE04EC0-301F-11D3-BF4B-00C04F79EFBC}") = "Poi", "Poi\Poi.csproj", "{2D66F162-1534-4CE9-B8B5-26EE998D1343}"
EndProject
Project("{FAE04EC0-301F-11D3-BF4B-00C04F79EFBC}") = "Charator", "Charator\Charator.csproj", "{35ED21FB-338D-425E-AE9C-606E47ADAFB3}"
EndProject
Project("{FAE04EC0-301F-11D3-BF4B-00C04F79EFBC}") = "iPoi", "iPoi\iPoi.csproj", "{8C1BE29A-F9EF-47DD-8466-97DF0B7D64B6}"
EndProject
Global
	GlobalSection(SolutionConfigurationPlatforms) = preSolution
		Debug|Any CPU = Debug|Any CPU
		Debug|ARM = Debug|ARM
		Debug|x64 = Debug|x64
		Debug|x86 = Debug|x86
		Release|Any CPU = Release|Any CPU
		Release|ARM = Release|ARM
		Release|x64 = Release|x64
		Release|x86 = Release|x86
	EndGlobalSection
	GlobalSection(ProjectConfigurationPlatforms) = postSolution
		{3266F4C4-F247-4A1A-8B47-D2FA9BB2671C}.Debug|Any CPU.ActiveCfg = Debug|Any CPU
		{3266F4C4-F247-4A1A-8B47-D2FA9BB2671C}.Debug|Any CPU.Build.0 = Debug|Any CPU
		{3266F4C4-F247-4A1A-8B47-D2FA9BB2671C}.Debug|ARM.ActiveCfg = Debug|Any CPU
		{3266F4C4-F247-4A1A-8B47-D2FA9BB2671C}.Debug|ARM.Build.0 = Debug|Any CPU
		{3266F4C4-F247-4A1A-8B47-D2FA9BB2671C}.Debug|x64.ActiveCfg = Debug|Any CPU
		{3266F4C4-F247-4A1A-8B47-D2FA9BB2671C}.Debug|x64.Build.0 = Debug|Any CPU
		{3266F4C4-F247-4A1A-8B47-D2FA9BB2671C}.Debug|x86.ActiveCfg = Debug|Any CPU
		{3266F4C4-F247-4A1A-8B47-D2FA9BB2671C}.Debug|x86.Build.0 = Debug|Any CPU
		{3266F4C4-F247-4A1A-8B47-D2FA9BB2671C}.Release|Any CPU.ActiveCfg = Release|Any CPU
		{3266F4C4-F247-4A1A-8B47-D2FA9BB2671C}.Release|Any CPU.Build.0 = Release|Any CPU
		{3266F4C4-F247-4A1A-8B47-D2FA9BB2671C}.Release|ARM.ActiveCfg = Release|Any CPU
		{3266F4C4-F247-4A1A-8B47-D2FA9BB2671C}.Release|ARM.Build.0 = Release|Any CPU
		{3266F4C4-F247-4A1A-8B47-D2FA9BB2671C}.Release|x64.ActiveCfg = Release|Any CPU
		{3266F4C4-F247-4A1A-8B47-D2FA9BB2671C}.Release|x64.Build.0 = Release|Any CPU
		{3266F4C4-F247-4A1A-8B47-D2FA9BB2671C}.Release|x86.ActiveCfg = Release|Any CPU
		{3266F4C4-F247-4A1A-8B47-D2FA9BB2671C}.Release|x86.Build.0 = Release|Any CPU
		{BABBD8DC-FA3F-4EDA-97D7-1E845DB349BE}.Debug|Any CPU.ActiveCfg = Debug|Any CPU
		{BABBD8DC-FA3F-4EDA-97D7-1E845DB349BE}.Debug|Any CPU.Build.0 = Debug|Any CPU
		{BABBD8DC-FA3F-4EDA-97D7-1E845DB349BE}.Debug|ARM.ActiveCfg = Debug|Any CPU
		{BABBD8DC-FA3F-4EDA-97D7-1E845DB349BE}.Debug|ARM.Build.0 = Debug|Any CPU
		{BABBD8DC-FA3F-4EDA-97D7-1E845DB349BE}.Debug|x64.ActiveCfg = Debug|Any CPU
		{BABBD8DC-FA3F-4EDA-97D7-1E845DB349BE}.Debug|x64.Build.0 = Debug|Any CPU
		{BABBD8DC-FA3F-4EDA-97D7-1E845DB349BE}.Debug|x86.ActiveCfg = Debug|Any CPU
		{BABBD8DC-FA3F-4EDA-97D7-1E845DB349BE}.Debug|x86.Build.0 = Debug|Any CPU
		{BABBD8DC-FA3F-4EDA-97D7-1E845DB349BE}.Release|Any CPU.ActiveCfg = Release|Any CPU
		{BABBD8DC-FA3F-4EDA-97D7-1E845DB349BE}.Release|Any CPU.Build.0 = Release|Any CPU
		{BABBD8DC-FA3F-4EDA-97D7-1E845DB349BE}.Release|ARM.ActiveCfg = Release|Any CPU
		{BABBD8DC-FA3F-4EDA-97D7-1E845DB349BE}.Release|ARM.Build.0 = Release|Any CPU
		{BABBD8DC-FA3F-4EDA-97D7-1E845DB349BE}.Release|x64.ActiveCfg = Release|Any CPU
		{BABBD8DC-FA3F-4EDA-97D7-1E845DB349BE}.Release|x64.Build.0 = Release|Any CPU
		{BABBD8DC-FA3F-4EDA-97D7-1E845DB349BE}.Release|x86.ActiveCfg = Release|Any CPU
		{BABBD8DC-FA3F-4EDA-97D7-1E845DB349BE}.Release|x86.Build.0 = Release|Any CPU
		{8AF345F1-6822-4DBB-9FA2-9E3A2D8D4F5E}.Debug|Any CPU.ActiveCfg = Debug|Any CPU
		{8AF345F1-6822-4DBB-9FA2-9E3A2D8D4F5E}.Debug|Any CPU.Build.0 = Debug|Any CPU
		{8AF345F1-6822-4DBB-9FA2-9E3A2D8D4F5E}.Debug|ARM.ActiveCfg = Debug|Any CPU
		{8AF345F1-6822-4DBB-9FA2-9E3A2D8D4F5E}.Debug|ARM.Build.0 = Debug|Any CPU
		{8AF345F1-6822-4DBB-9FA2-9E3A2D8D4F5E}.Debug|x64.ActiveCfg = Debug|Any CPU
		{8AF345F1-6822-4DBB-9FA2-9E3A2D8D4F5E}.Debug|x64.Build.0 = Debug|Any CPU
		{8AF345F1-6822-4DBB-9FA2-9E3A2D8D4F5E}.Debug|x86.ActiveCfg = Debug|Any CPU
		{8AF345F1-6822-4DBB-9FA2-9E3A2D8D4F5E}.Debug|x86.Build.0 = Debug|Any CPU
		{8AF345F1-6822-4DBB-9FA2-9E3A2D8D4F5E}.Release|Any CPU.ActiveCfg = Release|Any CPU
		{8AF345F1-6822-4DBB-9FA2-9E3A2D8D4F5E}.Release|Any CPU.Build.0 = Release|Any CPU
		{8AF345F1-6822-4DBB-9FA2-9E3A2D8D4F5E}.Release|ARM.ActiveCfg = Release|Any CPU
		{8AF345F1-6822-4DBB-9FA2-9E3A2D8D4F5E}.Release|ARM.Build.0 = Release|Any CPU
		{8AF345F1-6822-4DBB-9FA2-9E3A2D8D4F5E}.Release|x64.ActiveCfg = Release|Any CPU
		{8AF345F1-6822-4DBB-9FA2-9E3A2D8D4F5E}.Release|x64.Build.0 = Release|Any CPU
		{8AF345F1-6822-4DBB-9FA2-9E3A2D8D4F5E}.Release|x86.ActiveCfg = Release|Any CPU
		{8AF345F1-6822-4DBB-9FA2-9E3A2D8D4F5E}.Release|x86.Build.0 = Release|Any CPU
		{27C2855A-757F-4218-9182-56B61534F33E}.Debug|Any CPU.ActiveCfg = Debug|Any CPU
		{27C2855A-757F-4218-9182-56B61534F33E}.Debug|Any CPU.Build.0 = Debug|Any CPU
		{27C2855A-757F-4218-9182-56B61534F33E}.Debug|ARM.ActiveCfg = Debug|Any CPU
		{27C2855A-757F-4218-9182-56B61534F33E}.Debug|ARM.Build.0 = Debug|Any CPU
		{27C2855A-757F-4218-9182-56B61534F33E}.Debug|x64.ActiveCfg = Debug|Any CPU
		{27C2855A-757F-4218-9182-56B61534F33E}.Debug|x64.Build.0 = Debug|Any CPU
		{27C2855A-757F-4218-9182-56B61534F33E}.Debug|x86.ActiveCfg = Debug|Any CPU
		{27C2855A-757F-4218-9182-56B61534F33E}.Debug|x86.Build.0 = Debug|Any CPU
		{27C2855A-757F-4218-9182-56B61534F33E}.Release|Any CPU.ActiveCfg = Release|Any CPU
		{27C2855A-757F-4218-9182-56B61534F33E}.Release|Any CPU.Build.0 = Release|Any CPU
		{27C2855A-757F-4218-9182-56B61534F33E}.Release|ARM.ActiveCfg = Release|Any CPU
		{27C2855A-757F-4218-9182-56B61534F33E}.Release|ARM.Build.0 = Release|Any CPU
		{27C2855A-757F-4218-9182-56B61534F33E}.Release|x64.ActiveCfg = Release|Any CPU
		{27C2855A-757F-4218-9182-56B61534F33E}.Release|x64.Build.0 = Release|Any CPU
		{27C2855A-757F-4218-9182-56B61534F33E}.Release|x86.ActiveCfg = Release|Any CPU
		{27C2855A-757F-4218-9182-56B61534F33E}.Release|x86.Build.0 = Release|Any CPU
		{64A51735-8A1F-4EB6-82CF-1F0CF83C7BA7}.Debug|Any CPU.ActiveCfg = Debug|Any CPU
		{64A51735-8A1F-4EB6-82CF-1F0CF83C7BA7}.Debug|Any CPU.Build.0 = Debug|Any CPU
		{64A51735-8A1F-4EB6-82CF-1F0CF83C7BA7}.Debug|ARM.ActiveCfg = Debug|Any CPU
		{64A51735-8A1F-4EB6-82CF-1F0CF83C7BA7}.Debug|ARM.Build.0 = Debug|Any CPU
		{64A51735-8A1F-4EB6-82CF-1F0CF83C7BA7}.Debug|x64.ActiveCfg = Debug|Any CPU
		{64A51735-8A1F-4EB6-82CF-1F0CF83C7BA7}.Debug|x64.Build.0 = Debug|Any CPU
		{64A51735-8A1F-4EB6-82CF-1F0CF83C7BA7}.Debug|x86.ActiveCfg = Debug|Any CPU
		{64A51735-8A1F-4EB6-82CF-1F0CF83C7BA7}.Debug|x86.Build.0 = Debug|Any CPU
		{64A51735-8A1F-4EB6-82CF-1F0CF83C7BA7}.Release|Any CPU.ActiveCfg = Release|Any CPU
		{64A51735-8A1F-4EB6-82CF-1F0CF83C7BA7}.Release|Any CPU.Build.0 = Release|Any CPU
		{64A51735-8A1F-4EB6-82CF-1F0CF83C7BA7}.Release|ARM.ActiveCfg = Release|Any CPU
		{64A51735-8A1F-4EB6-82CF-1F0CF83C7BA7}.Release|ARM.Build.0 = Release|Any CPU
		{64A51735-8A1F-4EB6-82CF-1F0CF83C7BA7}.Release|x64.ActiveCfg = Release|Any CPU
		{64A51735-8A1F-4EB6-82CF-1F0CF83C7BA7}.Release|x64.Build.0 = Release|Any CPU
		{64A51735-8A1F-4EB6-82CF-1F0CF83C7BA7}.Release|x86.ActiveCfg = Release|Any CPU
		{64A51735-8A1F-4EB6-82CF-1F0CF83C7BA7}.Release|x86.Build.0 = Release|Any CPU
		{040B50DA-48E1-4326-A585-53B95E957E80}.Debug|Any CPU.ActiveCfg = Debug|Win32
		{040B50DA-48E1-4326-A585-53B95E957E80}.Debug|ARM.ActiveCfg = Debug|Win32
		{040B50DA-48E1-4326-A585-53B95E957E80}.Debug|x64.ActiveCfg = Debug|x64
		{040B50DA-48E1-4326-A585-53B95E957E80}.Debug|x64.Build.0 = Debug|x64
		{040B50DA-48E1-4326-A585-53B95E957E80}.Debug|x86.ActiveCfg = Debug|Win32
		{040B50DA-48E1-4326-A585-53B95E957E80}.Debug|x86.Build.0 = Debug|Win32
		{040B50DA-48E1-4326-A585-53B95E957E80}.Release|Any CPU.ActiveCfg = Release|Win32
		{040B50DA-48E1-4326-A585-53B95E957E80}.Release|ARM.ActiveCfg = Release|Win32
		{040B50DA-48E1-4326-A585-53B95E957E80}.Release|x64.ActiveCfg = Release|x64
		{040B50DA-48E1-4326-A585-53B95E957E80}.Release|x64.Build.0 = Release|x64
		{040B50DA-48E1-4326-A585-53B95E957E80}.Release|x86.ActiveCfg = Release|Win32
		{040B50DA-48E1-4326-A585-53B95E957E80}.Release|x86.Build.0 = Release|Win32
		{867C4A69-5AE0-414F-91AF-0612CFC44A35}.Debug|Any CPU.ActiveCfg = Debug|Any CPU
		{867C4A69-5AE0-414F-91AF-0612CFC44A35}.Debug|Any CPU.Build.0 = Debug|Any CPU
		{867C4A69-5AE0-414F-91AF-0612CFC44A35}.Debug|ARM.ActiveCfg = Debug|Any CPU
		{867C4A69-5AE0-414F-91AF-0612CFC44A35}.Debug|ARM.Build.0 = Debug|Any CPU
		{867C4A69-5AE0-414F-91AF-0612CFC44A35}.Debug|x64.ActiveCfg = Debug|Any CPU
		{867C4A69-5AE0-414F-91AF-0612CFC44A35}.Debug|x64.Build.0 = Debug|Any CPU
		{867C4A69-5AE0-414F-91AF-0612CFC44A35}.Debug|x86.ActiveCfg = Debug|Any CPU
		{867C4A69-5AE0-414F-91AF-0612CFC44A35}.Debug|x86.Build.0 = Debug|Any CPU
		{867C4A69-5AE0-414F-91AF-0612CFC44A35}.Release|Any CPU.ActiveCfg = Release|Any CPU
		{867C4A69-5AE0-414F-91AF-0612CFC44A35}.Release|Any CPU.Build.0 = Release|Any CPU
		{867C4A69-5AE0-414F-91AF-0612CFC44A35}.Release|ARM.ActiveCfg = Release|Any CPU
		{867C4A69-5AE0-414F-91AF-0612CFC44A35}.Release|ARM.Build.0 = Release|Any CPU
		{867C4A69-5AE0-414F-91AF-0612CFC44A35}.Release|x64.ActiveCfg = Release|Any CPU
		{867C4A69-5AE0-414F-91AF-0612CFC44A35}.Release|x64.Build.0 = Release|Any CPU
		{867C4A69-5AE0-414F-91AF-0612CFC44A35}.Release|x86.ActiveCfg = Release|Any CPU
		{867C4A69-5AE0-414F-91AF-0612CFC44A35}.Release|x86.Build.0 = Release|Any CPU
		{2D66F162-1534-4CE9-B8B5-26EE998D1343}.Debug|Any CPU.ActiveCfg = Debug|Any CPU
		{2D66F162-1534-4CE9-B8B5-26EE998D1343}.Debug|Any CPU.Build.0 = Debug|Any CPU
		{2D66F162-1534-4CE9-B8B5-26EE998D1343}.Debug|ARM.ActiveCfg = Debug|Any CPU
		{2D66F162-1534-4CE9-B8B5-26EE998D1343}.Debug|ARM.Build.0 = Debug|Any CPU
		{2D66F162-1534-4CE9-B8B5-26EE998D1343}.Debug|x64.ActiveCfg = Debug|Any CPU
		{2D66F162-1534-4CE9-B8B5-26EE998D1343}.Debug|x64.Build.0 = Debug|Any CPU
		{2D66F162-1534-4CE9-B8B5-26EE998D1343}.Debug|x86.ActiveCfg = Debug|Any CPU
		{2D66F162-1534-4CE9-B8B5-26EE998D1343}.Debug|x86.Build.0 = Debug|Any CPU
		{2D66F162-1534-4CE9-B8B5-26EE998D1343}.Release|Any CPU.ActiveCfg = Release|Any CPU
		{2D66F162-1534-4CE9-B8B5-26EE998D1343}.Release|Any CPU.Build.0 = Release|Any CPU
		{2D66F162-1534-4CE9-B8B5-26EE998D1343}.Release|ARM.ActiveCfg = Release|Any CPU
		{2D66F162-1534-4CE9-B8B5-26EE998D1343}.Release|ARM.Build.0 = Release|Any CPU
		{2D66F162-1534-4CE9-B8B5-26EE998D1343}.Release|x64.ActiveCfg = Release|Any CPU
		{2D66F162-1534-4CE9-B8B5-26EE998D1343}.Release|x64.Build.0 = Release|Any CPU
		{2D66F162-1534-4CE9-B8B5-26EE998D1343}.Release|x86.ActiveCfg = Release|Any CPU
		{2D66F162-1534-4CE9-B8B5-26EE998D1343}.Release|x86.Build.0 = Release|Any CPU
		{35ED21FB-338D-425E-AE9C-606E47ADAFB3}.Debug|Any CPU.ActiveCfg = Debug|Any CPU
		{35ED21FB-338D-425E-AE9C-606E47ADAFB3}.Debug|Any CPU.Build.0 = Debug|Any CPU
		{35ED21FB-338D-425E-AE9C-606E47ADAFB3}.Debug|ARM.ActiveCfg = Debug|Any CPU
		{35ED21FB-338D-425E-AE9C-606E47ADAFB3}.Debug|ARM.Build.0 = Debug|Any CPU
		{35ED21FB-338D-425E-AE9C-606E47ADAFB3}.Debug|x64.ActiveCfg = Debug|Any CPU
		{35ED21FB-338D-425E-AE9C-606E47ADAFB3}.Debug|x64.Build.0 = Debug|Any CPU
		{35ED21FB-338D-425E-AE9C-606E47ADAFB3}.Debug|x86.ActiveCfg = Debug|Any CPU
		{35ED21FB-338D-425E-AE9C-606E47ADAFB3}.Debug|x86.Build.0 = Debug|Any CPU
		{35ED21FB-338D-425E-AE9C-606E47ADAFB3}.Release|Any CPU.ActiveCfg = Release|Any CPU
		{35ED21FB-338D-425E-AE9C-606E47ADAFB3}.Release|Any CPU.Build.0 = Release|Any CPU
		{35ED21FB-338D-425E-AE9C-606E47ADAFB3}.Release|ARM.ActiveCfg = Release|Any CPU
		{35ED21FB-338D-425E-AE9C-606E47ADAFB3}.Release|ARM.Build.0 = Release|Any CPU
		{35ED21FB-338D-425E-AE9C-606E47ADAFB3}.Release|x64.ActiveCfg = Release|Any CPU
		{35ED21FB-338D-425E-AE9C-606E47ADAFB3}.Release|x64.Build.0 = Release|Any CPU
		{35ED21FB-338D-425E-AE9C-606E47ADAFB3}.Release|x86.ActiveCfg = Release|Any CPU
		{35ED21FB-338D-425E-AE9C-606E47ADAFB3}.Release|x86.Build.0 = Release|Any CPU
		{8C1BE29A-F9EF-47DD-8466-97DF0B7D64B6}.Debug|Any CPU.ActiveCfg = Debug|Any CPU
		{8C1BE29A-F9EF-47DD-8466-97DF0B7D64B6}.Debug|Any CPU.Build.0 = Debug|Any CPU
		{8C1BE29A-F9EF-47DD-8466-97DF0B7D64B6}.Debug|ARM.ActiveCfg = Debug|Any CPU
		{8C1BE29A-F9EF-47DD-8466-97DF0B7D64B6}.Debug|ARM.Build.0 = Debug|Any CPU
		{8C1BE29A-F9EF-47DD-8466-97DF0B7D64B6}.Debug|x64.ActiveCfg = Debug|Any CPU
		{8C1BE29A-F9EF-47DD-8466-97DF0B7D64B6}.Debug|x64.Build.0 = Debug|Any CPU
		{8C1BE29A-F9EF-47DD-8466-97DF0B7D64B6}.Debug|x86.ActiveCfg = Debug|Any CPU
		{8C1BE29A-F9EF-47DD-8466-97DF0B7D64B6}.Debug|x86.Build.0 = Debug|Any CPU
		{8C1BE29A-F9EF-47DD-8466-97DF0B7D64B6}.Release|Any CPU.ActiveCfg = Release|Any CPU
		{8C1BE29A-F9EF-47DD-8466-97DF0B7D64B6}.Release|Any CPU.Build.0 = Release|Any CPU
		{8C1BE29A-F9EF-47DD-8466-97DF0B7D64B6}.Release|ARM.ActiveCfg = Release|Any CPU
		{8C1BE29A-F9EF-47DD-8466-97DF0B7D64B6}.Release|ARM.Build.0 = Release|Any CPU
		{8C1BE29A-F9EF-47DD-8466-97DF0B7D64B6}.Release|x64.ActiveCfg = Release|Any CPU
		{8C1BE29A-F9EF-47DD-8466-97DF0B7D64B6}.Release|x64.Build.0 = Release|Any CPU
		{8C1BE29A-F9EF-47DD-8466-97DF0B7D64B6}.Release|x86.ActiveCfg = Release|Any CPU
		{8C1BE29A-F9EF-47DD-8466-97DF0B7D64B6}.Release|x86.Build.0 = Release|Any CPU
	EndGlobalSection
	GlobalSection(SolutionProperties) = preSolution
		HideSolutionNode = FALSE
	EndGlobalSection
EndGlobal
